
Microsoft Visual Studio Solution File, Format Version 12.00
# Visual Studio Version 17
VisualStudioVersion = 17.6.33829.357
MinimumVisualStudioVersion = 10.0.40219.1
Project("{FAE04EC0-301F-11D3-BF4B-00C04F79EFBC}") = "EntradaDeDados", "EntradaDeDados\EntradaDeDados.csproj", "{1BEB330D-3D73-4D1E-950D-A130CC3C9ACF}"
EndProject
Global
	GlobalSection(SolutionConfigurationPlatforms) = preSolution
		Debug|Any CPU = Debug|Any CPU
		Release|Any CPU = Release|Any CPU
	EndGlobalSection
	GlobalSection(ProjectConfigurationPlatforms) = postSolution
		{1BEB330D-3D73-4D1E-950D-A130CC3C9ACF}.Debug|Any CPU.ActiveCfg = Debug|Any CPU
		{1BEB330D-3D73-4D1E-950D-A130CC3C9ACF}.Debug|Any CPU.Build.0 = Debug|Any CPU
		{1BEB330D-3D73-4D1E-950D-A130CC3C9ACF}.Release|Any CPU.ActiveCfg = Release|Any CPU
		{1BEB330D-3D73-4D1E-950D-A130CC3C9ACF}.Release|Any CPU.Build.0 = Release|Any CPU
	EndGlobalSection
	GlobalSection(SolutionProperties) = preSolution
		HideSolutionNode = FALSE
	EndGlobalSection
	GlobalSection(ExtensibilityGlobals) = postSolution
		SolutionGuid = {8DA378E1-0ED2-4C82-BDDF-8DBC893294DC}
	EndGlobalSection
EndGlobal
